// !$*UTF8*$!
{
	archiveVersion = 1;
	classes = {
	};
	objectVersion = 46;
	objects = {

/* Begin PBXBuildFile section */
		32EBA13F1C00D3C500660E2C /* FixeAdsTests.swift in Sources */ = {isa = PBXBuildFile; fileRef = 32EBA13E1C00D3C500660E2C /* FixeAdsTests.swift */; };
		32EBA14A1C00D3C500660E2C /* FixeAdsUITests.swift in Sources */ = {isa = PBXBuildFile; fileRef = 32EBA1491C00D3C500660E2C /* FixeAdsUITests.swift */; };
		32EBA1851C00F29400660E2C /* AppDelegate.swift in Sources */ = {isa = PBXBuildFile; fileRef = 32EBA16F1C00F29400660E2C /* AppDelegate.swift */; };
		32EBA1861C00F29400660E2C /* Assets.xcassets in Resources */ = {isa = PBXBuildFile; fileRef = 32EBA1701C00F29400660E2C /* Assets.xcassets */; };
		32EBA1871C00F29400660E2C /* LaunchScreen.storyboard in Resources */ = {isa = PBXBuildFile; fileRef = 32EBA1721C00F29400660E2C /* LaunchScreen.storyboard */; };
		32EBA1881C00F29400660E2C /* Main.storyboard in Resources */ = {isa = PBXBuildFile; fileRef = 32EBA1741C00F29400660E2C /* Main.storyboard */; };
		32EBA18B1C00F29400660E2C /* AdCategoryViewController.swift in Sources */ = {isa = PBXBuildFile; fileRef = 32EBA1821C00F29400660E2C /* AdCategoryViewController.swift */; };
		32EBA18F1C00F95B00660E2C /* UIStoryboard+Extensions.swift in Sources */ = {isa = PBXBuildFile; fileRef = 32EBA18E1C00F95B00660E2C /* UIStoryboard+Extensions.swift */; };
		32EBA1911C01011800660E2C /* Router.swift in Sources */ = {isa = PBXBuildFile; fileRef = 32EBA1901C01011800660E2C /* Router.swift */; };
		32EBA1951C01157D00660E2C /* RootIPhoneRouter.swift in Sources */ = {isa = PBXBuildFile; fileRef = 32EBA1941C01157D00660E2C /* RootIPhoneRouter.swift */; };
		32EBA1971C01181600660E2C /* ModuleFactory.swift in Sources */ = {isa = PBXBuildFile; fileRef = 32EBA1961C01181600660E2C /* ModuleFactory.swift */; };
		32EBA1991C011D0A00660E2C /* RootIPadRouter.swift in Sources */ = {isa = PBXBuildFile; fileRef = 32EBA1981C011D0A00660E2C /* RootIPadRouter.swift */; };
		32EBA19B1C0128EC00660E2C /* AdDetailViewController.swift in Sources */ = {isa = PBXBuildFile; fileRef = 32EBA19A1C0128EC00660E2C /* AdDetailViewController.swift */; };
		32EBA19D1C012A0D00660E2C /* AdCategoryScreenViewModel.swift in Sources */ = {isa = PBXBuildFile; fileRef = 32EBA19C1C012A0D00660E2C /* AdCategoryScreenViewModel.swift */; };
		32EBA19F1C012A4E00660E2C /* AdViewModel.swift in Sources */ = {isa = PBXBuildFile; fileRef = 32EBA19E1C012A4E00660E2C /* AdViewModel.swift */; };
		32EBA1A11C01D3DB00660E2C /* AdTableViewCell.swift in Sources */ = {isa = PBXBuildFile; fileRef = 32EBA1A01C01D3DB00660E2C /* AdTableViewCell.swift */; };
		32EBA1A31C01FBE400660E2C /* AdsWebService.swift in Sources */ = {isa = PBXBuildFile; fileRef = 32EBA1A21C01FBE400660E2C /* AdsWebService.swift */; };
		32EBA1A81C0214C400660E2C /* AdsDataStore.swift in Sources */ = {isa = PBXBuildFile; fileRef = 32EBA1A71C0214C400660E2C /* AdsDataStore.swift */; };
		32EBA1AA1C0218FF00660E2C /* AdCategoryViewModel.swift in Sources */ = {isa = PBXBuildFile; fileRef = 32EBA1A91C0218FF00660E2C /* AdCategoryViewModel.swift */; };
		32EBA1B51C02309C00660E2C /* AdModel.swift in Sources */ = {isa = PBXBuildFile; fileRef = 32EBA1B41C02309C00660E2C /* AdModel.swift */; };
		32EBA1B71C0232ED00660E2C /* AdCategoryModel.swift in Sources */ = {isa = PBXBuildFile; fileRef = 32EBA1B61C0232ED00660E2C /* AdCategoryModel.swift */; };
		32EBA1BF1C026A8500660E2C /* Realm.framework in Frameworks */ = {isa = PBXBuildFile; fileRef = 32EBA1B01C022FC100660E2C /* Realm.framework */; };
		32EBA1C01C026A8500660E2C /* Realm.framework in Embed Frameworks */ = {isa = PBXBuildFile; fileRef = 32EBA1B01C022FC100660E2C /* Realm.framework */; settings = {ATTRIBUTES = (CodeSignOnCopy, RemoveHeadersOnCopy, ); }; };
		32EBA1C21C026A8700660E2C /* RealmSwift.framework in Frameworks */ = {isa = PBXBuildFile; fileRef = 32EBA1B11C022FC200660E2C /* RealmSwift.framework */; };
		32EBA1C31C026A8700660E2C /* RealmSwift.framework in Embed Frameworks */ = {isa = PBXBuildFile; fileRef = 32EBA1B11C022FC200660E2C /* RealmSwift.framework */; settings = {ATTRIBUTES = (CodeSignOnCopy, RemoveHeadersOnCopy, ); }; };
		32EBA1D11C02751C00660E2C /* Delay.swift in Sources */ = {isa = PBXBuildFile; fileRef = 32EBA1C51C02751C00660E2C /* Delay.swift */; };
		32EBA1D21C02751C00660E2C /* ImageDownloadOperation.swift in Sources */ = {isa = PBXBuildFile; fileRef = 32EBA1C61C02751C00660E2C /* ImageDownloadOperation.swift */; };
		32EBA1D31C02751C00660E2C /* ImageGifExtension.swift in Sources */ = {isa = PBXBuildFile; fileRef = 32EBA1C71C02751C00660E2C /* ImageGifExtension.swift */; };
		32EBA1D41C02751C00660E2C /* ImageManager.swift in Sources */ = {isa = PBXBuildFile; fileRef = 32EBA1C81C02751C00660E2C /* ImageManager.swift */; };
		32EBA1D51C02751C00660E2C /* ImageViewExtension.swift in Sources */ = {isa = PBXBuildFile; fileRef = 32EBA1C91C02751C00660E2C /* ImageViewExtension.swift */; };
		32EBA1D61C02751C00660E2C /* Info.plist in Resources */ = {isa = PBXBuildFile; fileRef = 32EBA1CA1C02751C00660E2C /* Info.plist */; };
		32EBA1D71C02751C00660E2C /* Resizer.swift in Sources */ = {isa = PBXBuildFile; fileRef = 32EBA1CB1C02751C00660E2C /* Resizer.swift */; };
		32EBA1D81C02751C00660E2C /* DiskStorage.swift in Sources */ = {isa = PBXBuildFile; fileRef = 32EBA1CD1C02751C00660E2C /* DiskStorage.swift */; };
		32EBA1D91C02751C00660E2C /* InMemoryStorage.swift in Sources */ = {isa = PBXBuildFile; fileRef = 32EBA1CE1C02751C00660E2C /* InMemoryStorage.swift */; };
		32EBA1DA1C02751C00660E2C /* MD5.swift in Sources */ = {isa = PBXBuildFile; fileRef = 32EBA1CF1C02751C00660E2C /* MD5.swift */; };
		32EBA1DB1C02751C00660E2C /* Storage.swift in Sources */ = {isa = PBXBuildFile; fileRef = 32EBA1D01C02751C00660E2C /* Storage.swift */; };
		32EBA1DD1C02866100660E2C /* MapViewController.swift in Sources */ = {isa = PBXBuildFile; fileRef = 32EBA1DC1C02866100660E2C /* MapViewController.swift */; };
/* End PBXBuildFile section */

/* Begin PBXContainerItemProxy section */
		32EBA13B1C00D3C500660E2C /* PBXContainerItemProxy */ = {
			isa = PBXContainerItemProxy;
			containerPortal = 32EBA11E1C00D3C400660E2C /* Project object */;
			proxyType = 1;
			remoteGlobalIDString = 32EBA1251C00D3C400660E2C;
			remoteInfo = FixeAds;
		};
		32EBA1461C00D3C500660E2C /* PBXContainerItemProxy */ = {
			isa = PBXContainerItemProxy;
			containerPortal = 32EBA11E1C00D3C400660E2C /* Project object */;
			proxyType = 1;
			remoteGlobalIDString = 32EBA1251C00D3C400660E2C;
			remoteInfo = FixeAds;
		};
/* End PBXContainerItemProxy section */

/* Begin PBXCopyFilesBuildPhase section */
		32EBA1C11C026A8500660E2C /* Embed Frameworks */ = {
			isa = PBXCopyFilesBuildPhase;
			buildActionMask = 2147483647;
			dstPath = "";
			dstSubfolderSpec = 10;
			files = (
				32EBA1C31C026A8700660E2C /* RealmSwift.framework in Embed Frameworks */,
				32EBA1C01C026A8500660E2C /* Realm.framework in Embed Frameworks */,
			);
			name = "Embed Frameworks";
			runOnlyForDeploymentPostprocessing = 0;
		};
/* End PBXCopyFilesBuildPhase section */

/* Begin PBXFileReference section */
		32EBA1261C00D3C400660E2C /* FixeAds.app */ = {isa = PBXFileReference; explicitFileType = wrapper.application; includeInIndex = 0; path = FixeAds.app; sourceTree = BUILT_PRODUCTS_DIR; };
		32EBA13A1C00D3C500660E2C /* FixeAdsTests.xctest */ = {isa = PBXFileReference; explicitFileType = wrapper.cfbundle; includeInIndex = 0; path = FixeAdsTests.xctest; sourceTree = BUILT_PRODUCTS_DIR; };
		32EBA13E1C00D3C500660E2C /* FixeAdsTests.swift */ = {isa = PBXFileReference; lastKnownFileType = sourcecode.swift; path = FixeAdsTests.swift; sourceTree = "<group>"; };
		32EBA1401C00D3C500660E2C /* Info.plist */ = {isa = PBXFileReference; lastKnownFileType = text.plist.xml; path = Info.plist; sourceTree = "<group>"; };
		32EBA1451C00D3C500660E2C /* FixeAdsUITests.xctest */ = {isa = PBXFileReference; explicitFileType = wrapper.cfbundle; includeInIndex = 0; path = FixeAdsUITests.xctest; sourceTree = BUILT_PRODUCTS_DIR; };
		32EBA1491C00D3C500660E2C /* FixeAdsUITests.swift */ = {isa = PBXFileReference; lastKnownFileType = sourcecode.swift; path = FixeAdsUITests.swift; sourceTree = "<group>"; };
		32EBA14B1C00D3C500660E2C /* Info.plist */ = {isa = PBXFileReference; lastKnownFileType = text.plist.xml; path = Info.plist; sourceTree = "<group>"; };
		32EBA16E1C00F29300660E2C /* FixeAds-Bridging-Header.h */ = {isa = PBXFileReference; lastKnownFileType = sourcecode.c.h; path = "FixeAds-Bridging-Header.h"; sourceTree = "<group>"; };
		32EBA16F1C00F29400660E2C /* AppDelegate.swift */ = {isa = PBXFileReference; fileEncoding = 4; lastKnownFileType = sourcecode.swift; path = AppDelegate.swift; sourceTree = "<group>"; };
		32EBA1701C00F29400660E2C /* Assets.xcassets */ = {isa = PBXFileReference; lastKnownFileType = folder.assetcatalog; path = Assets.xcassets; sourceTree = "<group>"; };
		32EBA1731C00F29400660E2C /* Base */ = {isa = PBXFileReference; lastKnownFileType = file.storyboard; name = Base; path = LaunchScreen.storyboard; sourceTree = "<group>"; };
		32EBA1751C00F29400660E2C /* Base */ = {isa = PBXFileReference; lastKnownFileType = file.storyboard; name = Base; path = Main.storyboard; sourceTree = "<group>"; };
		32EBA1761C00F29400660E2C /* Info.plist */ = {isa = PBXFileReference; fileEncoding = 4; lastKnownFileType = text.plist.xml; path = Info.plist; sourceTree = "<group>"; };
		32EBA1821C00F29400660E2C /* AdCategoryViewController.swift */ = {isa = PBXFileReference; fileEncoding = 4; lastKnownFileType = sourcecode.swift; path = AdCategoryViewController.swift; sourceTree = "<group>"; };
		32EBA18E1C00F95B00660E2C /* UIStoryboard+Extensions.swift */ = {isa = PBXFileReference; fileEncoding = 4; lastKnownFileType = sourcecode.swift; path = "UIStoryboard+Extensions.swift"; sourceTree = "<group>"; };
		32EBA1901C01011800660E2C /* Router.swift */ = {isa = PBXFileReference; fileEncoding = 4; lastKnownFileType = sourcecode.swift; path = Router.swift; sourceTree = "<group>"; };
		32EBA1941C01157D00660E2C /* RootIPhoneRouter.swift */ = {isa = PBXFileReference; fileEncoding = 4; lastKnownFileType = sourcecode.swift; path = RootIPhoneRouter.swift; sourceTree = "<group>"; };
		32EBA1961C01181600660E2C /* ModuleFactory.swift */ = {isa = PBXFileReference; fileEncoding = 4; lastKnownFileType = sourcecode.swift; path = ModuleFactory.swift; sourceTree = "<group>"; };
		32EBA1981C011D0A00660E2C /* RootIPadRouter.swift */ = {isa = PBXFileReference; fileEncoding = 4; lastKnownFileType = sourcecode.swift; path = RootIPadRouter.swift; sourceTree = "<group>"; };
		32EBA19A1C0128EC00660E2C /* AdDetailViewController.swift */ = {isa = PBXFileReference; fileEncoding = 4; lastKnownFileType = sourcecode.swift; path = AdDetailViewController.swift; sourceTree = "<group>"; };
		32EBA19C1C012A0D00660E2C /* AdCategoryScreenViewModel.swift */ = {isa = PBXFileReference; fileEncoding = 4; lastKnownFileType = sourcecode.swift; path = AdCategoryScreenViewModel.swift; sourceTree = "<group>"; };
		32EBA19E1C012A4E00660E2C /* AdViewModel.swift */ = {isa = PBXFileReference; fileEncoding = 4; lastKnownFileType = sourcecode.swift; path = AdViewModel.swift; sourceTree = "<group>"; };
		32EBA1A01C01D3DB00660E2C /* AdTableViewCell.swift */ = {isa = PBXFileReference; fileEncoding = 4; lastKnownFileType = sourcecode.swift; path = AdTableViewCell.swift; sourceTree = "<group>"; };
		32EBA1A21C01FBE400660E2C /* AdsWebService.swift */ = {isa = PBXFileReference; fileEncoding = 4; lastKnownFileType = sourcecode.swift; path = AdsWebService.swift; sourceTree = "<group>"; };
		32EBA1A71C0214C400660E2C /* AdsDataStore.swift */ = {isa = PBXFileReference; fileEncoding = 4; lastKnownFileType = sourcecode.swift; path = AdsDataStore.swift; sourceTree = "<group>"; };
		32EBA1A91C0218FF00660E2C /* AdCategoryViewModel.swift */ = {isa = PBXFileReference; fileEncoding = 4; lastKnownFileType = sourcecode.swift; path = AdCategoryViewModel.swift; sourceTree = "<group>"; };
		32EBA1B01C022FC100660E2C /* Realm.framework */ = {isa = PBXFileReference; lastKnownFileType = wrapper.framework; path = Realm.framework; sourceTree = "<group>"; };
		32EBA1B11C022FC200660E2C /* RealmSwift.framework */ = {isa = PBXFileReference; lastKnownFileType = wrapper.framework; path = RealmSwift.framework; sourceTree = "<group>"; };
		32EBA1B41C02309C00660E2C /* AdModel.swift */ = {isa = PBXFileReference; fileEncoding = 4; lastKnownFileType = sourcecode.swift; path = AdModel.swift; sourceTree = "<group>"; };
		32EBA1B61C0232ED00660E2C /* AdCategoryModel.swift */ = {isa = PBXFileReference; fileEncoding = 4; lastKnownFileType = sourcecode.swift; path = AdCategoryModel.swift; sourceTree = "<group>"; };
		32EBA1C51C02751C00660E2C /* Delay.swift */ = {isa = PBXFileReference; fileEncoding = 4; lastKnownFileType = sourcecode.swift; path = Delay.swift; sourceTree = "<group>"; };
		32EBA1C61C02751C00660E2C /* ImageDownloadOperation.swift */ = {isa = PBXFileReference; fileEncoding = 4; lastKnownFileType = sourcecode.swift; path = ImageDownloadOperation.swift; sourceTree = "<group>"; };
		32EBA1C71C02751C00660E2C /* ImageGifExtension.swift */ = {isa = PBXFileReference; fileEncoding = 4; lastKnownFileType = sourcecode.swift; path = ImageGifExtension.swift; sourceTree = "<group>"; };
		32EBA1C81C02751C00660E2C /* ImageManager.swift */ = {isa = PBXFileReference; fileEncoding = 4; lastKnownFileType = sourcecode.swift; path = ImageManager.swift; sourceTree = "<group>"; };
		32EBA1C91C02751C00660E2C /* ImageViewExtension.swift */ = {isa = PBXFileReference; fileEncoding = 4; lastKnownFileType = sourcecode.swift; path = ImageViewExtension.swift; sourceTree = "<group>"; };
		32EBA1CA1C02751C00660E2C /* Info.plist */ = {isa = PBXFileReference; fileEncoding = 4; lastKnownFileType = text.plist.xml; path = Info.plist; sourceTree = "<group>"; };
		32EBA1CB1C02751C00660E2C /* Resizer.swift */ = {isa = PBXFileReference; fileEncoding = 4; lastKnownFileType = sourcecode.swift; path = Resizer.swift; sourceTree = "<group>"; };
		32EBA1CD1C02751C00660E2C /* DiskStorage.swift */ = {isa = PBXFileReference; fileEncoding = 4; lastKnownFileType = sourcecode.swift; path = DiskStorage.swift; sourceTree = "<group>"; };
		32EBA1CE1C02751C00660E2C /* InMemoryStorage.swift */ = {isa = PBXFileReference; fileEncoding = 4; lastKnownFileType = sourcecode.swift; path = InMemoryStorage.swift; sourceTree = "<group>"; };
		32EBA1CF1C02751C00660E2C /* MD5.swift */ = {isa = PBXFileReference; fileEncoding = 4; lastKnownFileType = sourcecode.swift; path = MD5.swift; sourceTree = "<group>"; };
		32EBA1D01C02751C00660E2C /* Storage.swift */ = {isa = PBXFileReference; fileEncoding = 4; lastKnownFileType = sourcecode.swift; path = Storage.swift; sourceTree = "<group>"; };
		32EBA1DC1C02866100660E2C /* MapViewController.swift */ = {isa = PBXFileReference; fileEncoding = 4; lastKnownFileType = sourcecode.swift; path = MapViewController.swift; sourceTree = "<group>"; };
/* End PBXFileReference section */

/* Begin PBXFrameworksBuildPhase section */
		32EBA1231C00D3C400660E2C /* Frameworks */ = {
			isa = PBXFrameworksBuildPhase;
			buildActionMask = 2147483647;
			files = (
				32EBA1C21C026A8700660E2C /* RealmSwift.framework in Frameworks */,
				32EBA1BF1C026A8500660E2C /* Realm.framework in Frameworks */,
			);
			runOnlyForDeploymentPostprocessing = 0;
		};
		32EBA1371C00D3C500660E2C /* Frameworks */ = {
			isa = PBXFrameworksBuildPhase;
			buildActionMask = 2147483647;
			files = (
			);
			runOnlyForDeploymentPostprocessing = 0;
		};
		32EBA1421C00D3C500660E2C /* Frameworks */ = {
			isa = PBXFrameworksBuildPhase;
			buildActionMask = 2147483647;
			files = (
			);
			runOnlyForDeploymentPostprocessing = 0;
		};
/* End PBXFrameworksBuildPhase section */

/* Begin PBXGroup section */
		32EBA11D1C00D3C400660E2C = {
			isa = PBXGroup;
			children = (
				32EBA1281C00D3C400660E2C /* FixeAds */,
				32EBA13D1C00D3C500660E2C /* FixeAdsTests */,
				32EBA1481C00D3C500660E2C /* FixeAdsUITests */,
				32EBA1271C00D3C400660E2C /* Products */,
			);
			sourceTree = "<group>";
		};
		32EBA1271C00D3C400660E2C /* Products */ = {
			isa = PBXGroup;
			children = (
				32EBA1261C00D3C400660E2C /* FixeAds.app */,
				32EBA13A1C00D3C500660E2C /* FixeAdsTests.xctest */,
				32EBA1451C00D3C500660E2C /* FixeAdsUITests.xctest */,
			);
			name = Products;
			sourceTree = "<group>";
		};
		32EBA1281C00D3C400660E2C /* FixeAds */ = {
			isa = PBXGroup;
			children = (
				32EBA16F1C00F29400660E2C /* AppDelegate.swift */,
				32EBA1701C00F29400660E2C /* Assets.xcassets */,
				32EBA1711C00F29400660E2C /* Base.lproj */,
				32EBA1761C00F29400660E2C /* Info.plist */,
				32EBA1A61C02148100660E2C /* Domain Layer */,
				32EBA1771C00F29400660E2C /* Network Layer */,
				32EBA1781C00F29400660E2C /* Persistent Layer */,
				32EBA1791C00F29400660E2C /* Presentation Layer */,
				32EBA1801C00F29400660E2C /* User Interface Layer */,
				32EBA1841C00F29400660E2C /* Utils */,
				32EBA16E1C00F29300660E2C /* FixeAds-Bridging-Header.h */,
			);
			path = FixeAds;
			sourceTree = "<group>";
		};
		32EBA13D1C00D3C500660E2C /* FixeAdsTests */ = {
			isa = PBXGroup;
			children = (
				32EBA13E1C00D3C500660E2C /* FixeAdsTests.swift */,
				32EBA1401C00D3C500660E2C /* Info.plist */,
			);
			path = FixeAdsTests;
			sourceTree = "<group>";
		};
		32EBA1481C00D3C500660E2C /* FixeAdsUITests */ = {
			isa = PBXGroup;
			children = (
				32EBA1491C00D3C500660E2C /* FixeAdsUITests.swift */,
				32EBA14B1C00D3C500660E2C /* Info.plist */,
			);
			path = FixeAdsUITests;
			sourceTree = "<group>";
		};
		32EBA1711C00F29400660E2C /* Base.lproj */ = {
			isa = PBXGroup;
			children = (
				32EBA1721C00F29400660E2C /* LaunchScreen.storyboard */,
				32EBA1741C00F29400660E2C /* Main.storyboard */,
			);
			path = Base.lproj;
			sourceTree = "<group>";
		};
		32EBA1771C00F29400660E2C /* Network Layer */ = {
			isa = PBXGroup;
			children = (
				32EBA1A21C01FBE400660E2C /* AdsWebService.swift */,
			);
			path = "Network Layer";
			sourceTree = "<group>";
		};
		32EBA1781C00F29400660E2C /* Persistent Layer */ = {
			isa = PBXGroup;
			children = (
				32EBA1B01C022FC100660E2C /* Realm.framework */,
				32EBA1B11C022FC200660E2C /* RealmSwift.framework */,
			);
			path = "Persistent Layer";
			sourceTree = "<group>";
		};
		32EBA1791C00F29400660E2C /* Presentation Layer */ = {
			isa = PBXGroup;
			children = (
				32EBA17A1C00F29400660E2C /* AdsListModule */,
				32EBA17D1C00F29400660E2C /* RootModule */,
				32EBA1901C01011800660E2C /* Router.swift */,
			);
			path = "Presentation Layer";
			sourceTree = "<group>";
		};
		32EBA17A1C00F29400660E2C /* AdsListModule */ = {
			isa = PBXGroup;
			children = (
				32EBA17C1C00F29400660E2C /* ViewModels */,
			);
			path = AdsListModule;
			sourceTree = "<group>";
		};
		32EBA17C1C00F29400660E2C /* ViewModels */ = {
			isa = PBXGroup;
			children = (
				32EBA19C1C012A0D00660E2C /* AdCategoryScreenViewModel.swift */,
				32EBA19E1C012A4E00660E2C /* AdViewModel.swift */,
				32EBA1A91C0218FF00660E2C /* AdCategoryViewModel.swift */,
			);
			path = ViewModels;
			sourceTree = "<group>";
		};
		32EBA17D1C00F29400660E2C /* RootModule */ = {
			isa = PBXGroup;
			children = (
				32EBA1941C01157D00660E2C /* RootIPhoneRouter.swift */,
				32EBA1981C011D0A00660E2C /* RootIPadRouter.swift */,
			);
			path = RootModule;
			sourceTree = "<group>";
		};
		32EBA1801C00F29400660E2C /* User Interface Layer */ = {
			isa = PBXGroup;
			children = (
				32EBA18D1C00F91F00660E2C /* UIKit Extensions */,
				32EBA1811C00F29400660E2C /* ViewControllers */,
				32EBA1831C00F29400660E2C /* Views */,
			);
			path = "User Interface Layer";
			sourceTree = "<group>";
		};
		32EBA1811C00F29400660E2C /* ViewControllers */ = {
			isa = PBXGroup;
			children = (
				32EBA1821C00F29400660E2C /* AdCategoryViewController.swift */,
				32EBA19A1C0128EC00660E2C /* AdDetailViewController.swift */,
				32EBA1DC1C02866100660E2C /* MapViewController.swift */,
			);
			path = ViewControllers;
			sourceTree = "<group>";
		};
		32EBA1831C00F29400660E2C /* Views */ = {
			isa = PBXGroup;
			children = (
				32EBA1A01C01D3DB00660E2C /* AdTableViewCell.swift */,
			);
			path = Views;
			sourceTree = "<group>";
		};
		32EBA1841C00F29400660E2C /* Utils */ = {
			isa = PBXGroup;
			children = (
				32EBA1C41C02751C00660E2C /* MapleBacon */,
				32EBA1961C01181600660E2C /* ModuleFactory.swift */,
			);
			path = Utils;
			sourceTree = "<group>";
		};
		32EBA18D1C00F91F00660E2C /* UIKit Extensions */ = {
			isa = PBXGroup;
			children = (
				32EBA18E1C00F95B00660E2C /* UIStoryboard+Extensions.swift */,
			);
			path = "UIKit Extensions";
			sourceTree = "<group>";
		};
		32EBA1A61C02148100660E2C /* Domain Layer */ = {
			isa = PBXGroup;
			children = (
				32EBA1A71C0214C400660E2C /* AdsDataStore.swift */,
				32EBA1B41C02309C00660E2C /* AdModel.swift */,
				32EBA1B61C0232ED00660E2C /* AdCategoryModel.swift */,
			);
			path = "Domain Layer";
			sourceTree = "<group>";
		};
		32EBA1C41C02751C00660E2C /* MapleBacon */ = {
			isa = PBXGroup;
			children = (
				32EBA1C51C02751C00660E2C /* Delay.swift */,
				32EBA1C61C02751C00660E2C /* ImageDownloadOperation.swift */,
				32EBA1C71C02751C00660E2C /* ImageGifExtension.swift */,
				32EBA1C81C02751C00660E2C /* ImageManager.swift */,
				32EBA1C91C02751C00660E2C /* ImageViewExtension.swift */,
				32EBA1CA1C02751C00660E2C /* Info.plist */,
				32EBA1CB1C02751C00660E2C /* Resizer.swift */,
				32EBA1CC1C02751C00660E2C /* Storage */,
			);
			path = MapleBacon;
			sourceTree = "<group>";
		};
		32EBA1CC1C02751C00660E2C /* Storage */ = {
			isa = PBXGroup;
			children = (
				32EBA1CD1C02751C00660E2C /* DiskStorage.swift */,
				32EBA1CE1C02751C00660E2C /* InMemoryStorage.swift */,
				32EBA1CF1C02751C00660E2C /* MD5.swift */,
				32EBA1D01C02751C00660E2C /* Storage.swift */,
			);
			path = Storage;
			sourceTree = "<group>";
		};
/* End PBXGroup section */

/* Begin PBXNativeTarget section */
		32EBA1251C00D3C400660E2C /* FixeAds */ = {
			isa = PBXNativeTarget;
			buildConfigurationList = 32EBA14E1C00D3C500660E2C /* Build configuration list for PBXNativeTarget "FixeAds" */;
			buildPhases = (
				32EBA1221C00D3C400660E2C /* Sources */,
				32EBA1231C00D3C400660E2C /* Frameworks */,
				32EBA1241C00D3C400660E2C /* Resources */,
				32EBA1C11C026A8500660E2C /* Embed Frameworks */,
			);
			buildRules = (
			);
			dependencies = (
			);
			name = FixeAds;
			productName = FixeAds;
			productReference = 32EBA1261C00D3C400660E2C /* FixeAds.app */;
			productType = "com.apple.product-type.application";
		};
		32EBA1391C00D3C500660E2C /* FixeAdsTests */ = {
			isa = PBXNativeTarget;
			buildConfigurationList = 32EBA1511C00D3C500660E2C /* Build configuration list for PBXNativeTarget "FixeAdsTests" */;
			buildPhases = (
				32EBA1361C00D3C500660E2C /* Sources */,
				32EBA1371C00D3C500660E2C /* Frameworks */,
				32EBA1381C00D3C500660E2C /* Resources */,
			);
			buildRules = (
			);
			dependencies = (
				32EBA13C1C00D3C500660E2C /* PBXTargetDependency */,
			);
			name = FixeAdsTests;
			productName = FixeAdsTests;
			productReference = 32EBA13A1C00D3C500660E2C /* FixeAdsTests.xctest */;
			productType = "com.apple.product-type.bundle.unit-test";
		};
		32EBA1441C00D3C500660E2C /* FixeAdsUITests */ = {
			isa = PBXNativeTarget;
			buildConfigurationList = 32EBA1541C00D3C500660E2C /* Build configuration list for PBXNativeTarget "FixeAdsUITests" */;
			buildPhases = (
				32EBA1411C00D3C500660E2C /* Sources */,
				32EBA1421C00D3C500660E2C /* Frameworks */,
				32EBA1431C00D3C500660E2C /* Resources */,
			);
			buildRules = (
			);
			dependencies = (
				32EBA1471C00D3C500660E2C /* PBXTargetDependency */,
			);
			name = FixeAdsUITests;
			productName = FixeAdsUITests;
			productReference = 32EBA1451C00D3C500660E2C /* FixeAdsUITests.xctest */;
			productType = "com.apple.product-type.bundle.ui-testing";
		};
/* End PBXNativeTarget section */

/* Begin PBXProject section */
		32EBA11E1C00D3C400660E2C /* Project object */ = {
			isa = PBXProject;
			attributes = {
				LastSwiftUpdateCheck = 0710;
				LastUpgradeCheck = 0710;
				ORGANIZATIONNAME = FixeAds;
				TargetAttributes = {
					32EBA1251C00D3C400660E2C = {
						CreatedOnToolsVersion = 7.1.1;
					};
					32EBA1391C00D3C500660E2C = {
						CreatedOnToolsVersion = 7.1.1;
						TestTargetID = 32EBA1251C00D3C400660E2C;
					};
					32EBA1441C00D3C500660E2C = {
						CreatedOnToolsVersion = 7.1.1;
						TestTargetID = 32EBA1251C00D3C400660E2C;
					};
				};
			};
			buildConfigurationList = 32EBA1211C00D3C400660E2C /* Build configuration list for PBXProject "FixeAds" */;
			compatibilityVersion = "Xcode 3.2";
			developmentRegion = English;
			hasScannedForEncodings = 0;
			knownRegions = (
				en,
				Base,
			);
			mainGroup = 32EBA11D1C00D3C400660E2C;
			productRefGroup = 32EBA1271C00D3C400660E2C /* Products */;
			projectDirPath = "";
			projectRoot = "";
			targets = (
				32EBA1251C00D3C400660E2C /* FixeAds */,
				32EBA1391C00D3C500660E2C /* FixeAdsTests */,
				32EBA1441C00D3C500660E2C /* FixeAdsUITests */,
			);
		};
/* End PBXProject section */

/* Begin PBXResourcesBuildPhase section */
		32EBA1241C00D3C400660E2C /* Resources */ = {
			isa = PBXResourcesBuildPhase;
			buildActionMask = 2147483647;
			files = (
				32EBA1D61C02751C00660E2C /* Info.plist in Resources */,
				32EBA1881C00F29400660E2C /* Main.storyboard in Resources */,
				32EBA1861C00F29400660E2C /* Assets.xcassets in Resources */,
				32EBA1871C00F29400660E2C /* LaunchScreen.storyboard in Resources */,
			);
			runOnlyForDeploymentPostprocessing = 0;
		};
		32EBA1381C00D3C500660E2C /* Resources */ = {
			isa = PBXResourcesBuildPhase;
			buildActionMask = 2147483647;
			files = (
			);
			runOnlyForDeploymentPostprocessing = 0;
		};
		32EBA1431C00D3C500660E2C /* Resources */ = {
			isa = PBXResourcesBuildPhase;
			buildActionMask = 2147483647;
			files = (
			);
			runOnlyForDeploymentPostprocessing = 0;
		};
/* End PBXResourcesBuildPhase section */

/* Begin PBXSourcesBuildPhase section */
		32EBA1221C00D3C400660E2C /* Sources */ = {
			isa = PBXSourcesBuildPhase;
			buildActionMask = 2147483647;
			files = (
				32EBA1911C01011800660E2C /* Router.swift in Sources */,
				32EBA1D51C02751C00660E2C /* ImageViewExtension.swift in Sources */,
				32EBA1951C01157D00660E2C /* RootIPhoneRouter.swift in Sources */,
				32EBA19F1C012A4E00660E2C /* AdViewModel.swift in Sources */,
				32EBA1991C011D0A00660E2C /* RootIPadRouter.swift in Sources */,
				32EBA1B71C0232ED00660E2C /* AdCategoryModel.swift in Sources */,
				32EBA1D21C02751C00660E2C /* ImageDownloadOperation.swift in Sources */,
				32EBA1AA1C0218FF00660E2C /* AdCategoryViewModel.swift in Sources */,
				32EBA1D71C02751C00660E2C /* Resizer.swift in Sources */,
				32EBA18B1C00F29400660E2C /* AdCategoryViewController.swift in Sources */,
				32EBA1A31C01FBE400660E2C /* AdsWebService.swift in Sources */,
				32EBA18F1C00F95B00660E2C /* UIStoryboard+Extensions.swift in Sources */,
				32EBA1D31C02751C00660E2C /* ImageGifExtension.swift in Sources */,
				32EBA1D41C02751C00660E2C /* ImageManager.swift in Sources */,
				32EBA1A81C0214C400660E2C /* AdsDataStore.swift in Sources */,
				32EBA1A11C01D3DB00660E2C /* AdTableViewCell.swift in Sources */,
				32EBA1DA1C02751C00660E2C /* MD5.swift in Sources */,
				32EBA19B1C0128EC00660E2C /* AdDetailViewController.swift in Sources */,
				32EBA1D11C02751C00660E2C /* Delay.swift in Sources */,
				32EBA1851C00F29400660E2C /* AppDelegate.swift in Sources */,
				32EBA1971C01181600660E2C /* ModuleFactory.swift in Sources */,
				32EBA1D81C02751C00660E2C /* DiskStorage.swift in Sources */,
				32EBA1DD1C02866100660E2C /* MapViewController.swift in Sources */,
				32EBA1D91C02751C00660E2C /* InMemoryStorage.swift in Sources */,
				32EBA19D1C012A0D00660E2C /* AdCategoryScreenViewModel.swift in Sources */,
				32EBA1B51C02309C00660E2C /* AdModel.swift in Sources */,
				32EBA1DB1C02751C00660E2C /* Storage.swift in Sources */,
			);
			runOnlyForDeploymentPostprocessing = 0;
		};
		32EBA1361C00D3C500660E2C /* Sources */ = {
			isa = PBXSourcesBuildPhase;
			buildActionMask = 2147483647;
			files = (
				32EBA13F1C00D3C500660E2C /* FixeAdsTests.swift in Sources */,
			);
			runOnlyForDeploymentPostprocessing = 0;
		};
		32EBA1411C00D3C500660E2C /* Sources */ = {
			isa = PBXSourcesBuildPhase;
			buildActionMask = 2147483647;
			files = (
				32EBA14A1C00D3C500660E2C /* FixeAdsUITests.swift in Sources */,
			);
			runOnlyForDeploymentPostprocessing = 0;
		};
/* End PBXSourcesBuildPhase section */

/* Begin PBXTargetDependency section */
		32EBA13C1C00D3C500660E2C /* PBXTargetDependency */ = {
			isa = PBXTargetDependency;
			target = 32EBA1251C00D3C400660E2C /* FixeAds */;
			targetProxy = 32EBA13B1C00D3C500660E2C /* PBXContainerItemProxy */;
		};
		32EBA1471C00D3C500660E2C /* PBXTargetDependency */ = {
			isa = PBXTargetDependency;
			target = 32EBA1251C00D3C400660E2C /* FixeAds */;
			targetProxy = 32EBA1461C00D3C500660E2C /* PBXContainerItemProxy */;
		};
/* End PBXTargetDependency section */

/* Begin PBXVariantGroup section */
		32EBA1721C00F29400660E2C /* LaunchScreen.storyboard */ = {
			isa = PBXVariantGroup;
			children = (
				32EBA1731C00F29400660E2C /* Base */,
			);
			name = LaunchScreen.storyboard;
			sourceTree = "<group>";
		};
		32EBA1741C00F29400660E2C /* Main.storyboard */ = {
			isa = PBXVariantGroup;
			children = (
				32EBA1751C00F29400660E2C /* Base */,
			);
			name = Main.storyboard;
			sourceTree = "<group>";
		};
/* End PBXVariantGroup section */

/* Begin XCBuildConfiguration section */
		32EBA14C1C00D3C500660E2C /* Debug */ = {
			isa = XCBuildConfiguration;
			buildSettings = {
				ALWAYS_SEARCH_USER_PATHS = NO;
				CLANG_CXX_LANGUAGE_STANDARD = "gnu++0x";
				CLANG_CXX_LIBRARY = "libc++";
				CLANG_ENABLE_MODULES = YES;
				CLANG_ENABLE_OBJC_ARC = YES;
				CLANG_WARN_BOOL_CONVERSION = YES;
				CLANG_WARN_CONSTANT_CONVERSION = YES;
				CLANG_WARN_DIRECT_OBJC_ISA_USAGE = YES_ERROR;
				CLANG_WARN_EMPTY_BODY = YES;
				CLANG_WARN_ENUM_CONVERSION = YES;
				CLANG_WARN_INT_CONVERSION = YES;
				CLANG_WARN_OBJC_ROOT_CLASS = YES_ERROR;
				CLANG_WARN_UNREACHABLE_CODE = YES;
				CLANG_WARN__DUPLICATE_METHOD_MATCH = YES;
				"CODE_SIGN_IDENTITY[sdk=iphoneos*]" = "iPhone Developer";
				COPY_PHASE_STRIP = NO;
				DEBUG_INFORMATION_FORMAT = dwarf;
				ENABLE_STRICT_OBJC_MSGSEND = YES;
				ENABLE_TESTABILITY = YES;
				GCC_C_LANGUAGE_STANDARD = gnu99;
				GCC_DYNAMIC_NO_PIC = NO;
				GCC_NO_COMMON_BLOCKS = YES;
				GCC_OPTIMIZATION_LEVEL = 0;
				GCC_PREPROCESSOR_DEFINITIONS = (
					"DEBUG=1",
					"$(inherited)",
				);
				GCC_WARN_64_TO_32_BIT_CONVERSION = YES;
				GCC_WARN_ABOUT_RETURN_TYPE = YES_ERROR;
				GCC_WARN_UNDECLARED_SELECTOR = YES;
				GCC_WARN_UNINITIALIZED_AUTOS = YES_AGGRESSIVE;
				GCC_WARN_UNUSED_FUNCTION = YES;
				GCC_WARN_UNUSED_VARIABLE = YES;
				IPHONEOS_DEPLOYMENT_TARGET = 8.4;
				MTL_ENABLE_DEBUG_INFO = YES;
				ONLY_ACTIVE_ARCH = NO;
				SDKROOT = iphoneos;
				SWIFT_OPTIMIZATION_LEVEL = "-Onone";
				TARGETED_DEVICE_FAMILY = "1,2";
			};
			name = Debug;
		};
		32EBA14D1C00D3C500660E2C /* Release */ = {
			isa = XCBuildConfiguration;
			buildSettings = {
				ALWAYS_SEARCH_USER_PATHS = NO;
				CLANG_CXX_LANGUAGE_STANDARD = "gnu++0x";
				CLANG_CXX_LIBRARY = "libc++";
				CLANG_ENABLE_MODULES = YES;
				CLANG_ENABLE_OBJC_ARC = YES;
				CLANG_WARN_BOOL_CONVERSION = YES;
				CLANG_WARN_CONSTANT_CONVERSION = YES;
				CLANG_WARN_DIRECT_OBJC_ISA_USAGE = YES_ERROR;
				CLANG_WARN_EMPTY_BODY = YES;
				CLANG_WARN_ENUM_CONVERSION = YES;
				CLANG_WARN_INT_CONVERSION = YES;
				CLANG_WARN_OBJC_ROOT_CLASS = YES_ERROR;
				CLANG_WARN_UNREACHABLE_CODE = YES;
				CLANG_WARN__DUPLICATE_METHOD_MATCH = YES;
				"CODE_SIGN_IDENTITY[sdk=iphoneos*]" = "iPhone Developer";
				COPY_PHASE_STRIP = NO;
				DEBUG_INFORMATION_FORMAT = "dwarf-with-dsym";
				ENABLE_NS_ASSERTIONS = NO;
				ENABLE_STRICT_OBJC_MSGSEND = YES;
				GCC_C_LANGUAGE_STANDARD = gnu99;
				GCC_NO_COMMON_BLOCKS = YES;
				GCC_WARN_64_TO_32_BIT_CONVERSION = YES;
				GCC_WARN_ABOUT_RETURN_TYPE = YES_ERROR;
				GCC_WARN_UNDECLARED_SELECTOR = YES;
				GCC_WARN_UNINITIALIZED_AUTOS = YES_AGGRESSIVE;
				GCC_WARN_UNUSED_FUNCTION = YES;
				GCC_WARN_UNUSED_VARIABLE = YES;
				IPHONEOS_DEPLOYMENT_TARGET = 8.4;
				MTL_ENABLE_DEBUG_INFO = NO;
				ONLY_ACTIVE_ARCH = NO;
				SDKROOT = iphoneos;
				TARGETED_DEVICE_FAMILY = "1,2";
				VALIDATE_PRODUCT = YES;
			};
			name = Release;
		};
		32EBA14F1C00D3C500660E2C /* Debug */ = {
			isa = XCBuildConfiguration;
			buildSettings = {
				ASSETCATALOG_COMPILER_APPICON_NAME = AppIcon;
				CLANG_ENABLE_MODULES = YES;
				ENABLE_BITCODE = NO;
				FRAMEWORK_SEARCH_PATHS = (
					"$(inherited)",
					"$(PROJECT_DIR)/FixeAds/Persistent",
					Layer,
				);
				INFOPLIST_FILE = FixeAds/Info.plist;
				LD_RUNPATH_SEARCH_PATHS = "$(inherited) @executable_path/Frameworks";
				OTHER_LDFLAGS = "-lc++";
				PRODUCT_BUNDLE_IDENTIFIER = com.fixeads.FixeAds;
				PRODUCT_NAME = "$(TARGET_NAME)";
				SWIFT_OBJC_BRIDGING_HEADER = "FixeAds/FixeAds-Bridging-Header.h";
				SWIFT_OPTIMIZATION_LEVEL = "-Onone";
			};
			name = Debug;
		};
		32EBA1501C00D3C500660E2C /* Release */ = {
			isa = XCBuildConfiguration;
			buildSettings = {
				ASSETCATALOG_COMPILER_APPICON_NAME = AppIcon;
				CLANG_ENABLE_MODULES = YES;
				ENABLE_BITCODE = NO;
				FRAMEWORK_SEARCH_PATHS = (
					"$(inherited)",
					"$(PROJECT_DIR)/FixeAds/Persistent",
					Layer,
				);
				INFOPLIST_FILE = FixeAds/Info.plist;
				LD_RUNPATH_SEARCH_PATHS = "$(inherited) @executable_path/Frameworks";
				OTHER_LDFLAGS = "-lc++";
				PRODUCT_BUNDLE_IDENTIFIER = com.fixeads.FixeAds;
				PRODUCT_NAME = "$(TARGET_NAME)";
				SWIFT_OBJC_BRIDGING_HEADER = "FixeAds/FixeAds-Bridging-Header.h";
			};
			name = Release;
		};
		32EBA1521C00D3C500660E2C /* Debug */ = {
			isa = XCBuildConfiguration;
			buildSettings = {
				BUNDLE_LOADER = "$(TEST_HOST)";
				INFOPLIST_FILE = FixeAdsTests/Info.plist;
				LD_RUNPATH_SEARCH_PATHS = "$(inherited) @executable_path/Frameworks @loader_path/Frameworks";
				PRODUCT_BUNDLE_IDENTIFIER = com.fixeads.FixeAdsTests;
				PRODUCT_NAME = "$(TARGET_NAME)";
				TEST_HOST = "$(BUILT_PRODUCTS_DIR)/FixeAds.app/FixeAds";
			};
			name = Debug;
		};
		32EBA1531C00D3C500660E2C /* Release */ = {
			isa = XCBuildConfiguration;
			buildSettings = {
				BUNDLE_LOADER = "$(TEST_HOST)";
				INFOPLIST_FILE = FixeAdsTests/Info.plist;
				LD_RUNPATH_SEARCH_PATHS = "$(inherited) @executable_path/Frameworks @loader_path/Frameworks";
				PRODUCT_BUNDLE_IDENTIFIER = com.fixeads.FixeAdsTests;
				PRODUCT_NAME = "$(TARGET_NAME)";
				TEST_HOST = "$(BUILT_PRODUCTS_DIR)/FixeAds.app/FixeAds";
			};
			name = Release;
		};
		32EBA1551C00D3C500660E2C /* Debug */ = {
			isa = XCBuildConfiguration;
			buildSettings = {
				INFOPLIST_FILE = FixeAdsUITests/Info.plist;
				LD_RUNPATH_SEARCH_PATHS = "$(inherited) @executable_path/Frameworks @loader_path/Frameworks";
				PRODUCT_BUNDLE_IDENTIFIER = com.fixeads.FixeAdsUITests;
				PRODUCT_NAME = "$(TARGET_NAME)";
				TEST_TARGET_NAME = FixeAds;
				USES_XCTRUNNER = YES;
			};
			name = Debug;
		};
		32EBA1561C00D3C500660E2C /* Release */ = {
			isa = XCBuildConfiguration;
			buildSettings = {
				INFOPLIST_FILE = FixeAdsUITests/Info.plist;
				LD_RUNPATH_SEARCH_PATHS = "$(inherited) @executable_path/Frameworks @loader_path/Frameworks";
				PRODUCT_BUNDLE_IDENTIFIER = com.fixeads.FixeAdsUITests;
				PRODUCT_NAME = "$(TARGET_NAME)";
				TEST_TARGET_NAME = FixeAds;
				USES_XCTRUNNER = YES;
			};
			name = Release;
		};
/* End XCBuildConfiguration section */

/* Begin XCConfigurationList section */
		32EBA1211C00D3C400660E2C /* Build configuration list for PBXProject "FixeAds" */ = {
			isa = XCConfigurationList;
			buildConfigurations = (
				32EBA14C1C00D3C500660E2C /* Debug */,
				32EBA14D1C00D3C500660E2C /* Release */,
			);
			defaultConfigurationIsVisible = 0;
			defaultConfigurationName = Release;
		};
		32EBA14E1C00D3C500660E2C /* Build configuration list for PBXNativeTarget "FixeAds" */ = {
			isa = XCConfigurationList;
			buildConfigurations = (
				32EBA14F1C00D3C500660E2C /* Debug */,
				32EBA1501C00D3C500660E2C /* Release */,
			);
			defaultConfigurationIsVisible = 0;
		};
		32EBA1511C00D3C500660E2C /* Build configuration list for PBXNativeTarget "FixeAdsTests" */ = {
			isa = XCConfigurationList;
			buildConfigurations = (
				32EBA1521C00D3C500660E2C /* Debug */,
				32EBA1531C00D3C500660E2C /* Release */,
			);
			defaultConfigurationIsVisible = 0;
		};
		32EBA1541C00D3C500660E2C /* Build configuration list for PBXNativeTarget "FixeAdsUITests" */ = {
			isa = XCConfigurationList;
			buildConfigurations = (
				32EBA1551C00D3C500660E2C /* Debug */,
				32EBA1561C00D3C500660E2C /* Release */,
			);
			defaultConfigurationIsVisible = 0;
		};
/* End XCConfigurationList section */
	};
	rootObject = 32EBA11E1C00D3C400660E2C /* Project object */;
}
